// !$*UTF8*$!
{
	archiveVersion = 1;
	classes = {
	};
	objectVersion = 77;
	objects = {

/* Begin PBXBuildFile section */
		589CB2C72DEA135900CFD0B0 /* CadaEuroUI in Frameworks */ = {isa = PBXBuildFile; productRef = 589CB2C62DEA135900CFD0B0 /* CadaEuroUI */; };
/* End PBXBuildFile section */

/* Begin PBXContainerItemProxy section */
		589CB26B2DE9F78D00CFD0B0 /* PBXContainerItemProxy */ = {
			isa = PBXContainerItemProxy;
			containerPortal = 589CB2512DE9F78A00CFD0B0 /* Project object */;
			proxyType = 1;
			remoteGlobalIDString = 589CB2582DE9F78B00CFD0B0;
			remoteInfo = CadaEuro;
		};
		589CB2752DE9F78D00CFD0B0 /* PBXContainerItemProxy */ = {
			isa = PBXContainerItemProxy;
			containerPortal = 589CB2512DE9F78A00CFD0B0 /* Project object */;
			proxyType = 1;
			remoteGlobalIDString = 589CB2582DE9F78B00CFD0B0;
			remoteInfo = CadaEuro;
		};
/* End PBXContainerItemProxy section */

/* Begin PBXFileReference section */
		589CB2592DE9F78B00CFD0B0 /* CadaEuro.app */ = {isa = PBXFileReference; explicitFileType = wrapper.application; includeInIndex = 0; path = CadaEuro.app; sourceTree = BUILT_PRODUCTS_DIR; };
		589CB26A2DE9F78D00CFD0B0 /* CadaEuroTests.xctest */ = {isa = PBXFileReference; explicitFileType = wrapper.cfbundle; includeInIndex = 0; path = CadaEuroTests.xctest; sourceTree = BUILT_PRODUCTS_DIR; };
		589CB2742DE9F78D00CFD0B0 /* CadaEuroUITests.xctest */ = {isa = PBXFileReference; explicitFileType = wrapper.cfbundle; includeInIndex = 0; path = CadaEuroUITests.xctest; sourceTree = BUILT_PRODUCTS_DIR; };
/* End PBXFileReference section */

/* Begin PBXFileSystemSynchronizedBuildFileExceptionSet section */
		589CB27C2DE9F78D00CFD0B0 /* Exceptions for "CadaEuro" folder in "CadaEuro" target */ = {
			isa = PBXFileSystemSynchronizedBuildFileExceptionSet;
			membershipExceptions = (
				Info.plist,
			);
			target = 589CB2582DE9F78B00CFD0B0 /* CadaEuro */;
		};
/* End PBXFileSystemSynchronizedBuildFileExceptionSet section */

/* Begin PBXFileSystemSynchronizedRootGroup section */
		589CB25B2DE9F78B00CFD0B0 /* CadaEuro */ = {
			isa = PBXFileSystemSynchronizedRootGroup;
			exceptions = (
				589CB27C2DE9F78D00CFD0B0 /* Exceptions for "CadaEuro" folder in "CadaEuro" target */,
			);
			path = CadaEuro;
			sourceTree = "<group>";
		};
		589CB26D2DE9F78D00CFD0B0 /* CadaEuroTests */ = {
			isa = PBXFileSystemSynchronizedRootGroup;
			path = CadaEuroTests;
			sourceTree = "<group>";
		};
		589CB2772DE9F78D00CFD0B0 /* CadaEuroUITests */ = {
			isa = PBXFileSystemSynchronizedRootGroup;
			path = CadaEuroUITests;
			sourceTree = "<group>";
		};
/* End PBXFileSystemSynchronizedRootGroup section */

/* Begin PBXFrameworksBuildPhase section */
		589CB2562DE9F78B00CFD0B0 /* Frameworks */ = {
			isa = PBXFrameworksBuildPhase;
			buildActionMask = 2147483647;
			files = (
				589CB2C72DEA135900CFD0B0 /* CadaEuroUI in Frameworks */,
			);
			runOnlyForDeploymentPostprocessing = 0;
		};
		589CB2672DE9F78D00CFD0B0 /* Frameworks */ = {
			isa = PBXFrameworksBuildPhase;
			buildActionMask = 2147483647;
			files = (
			);
			runOnlyForDeploymentPostprocessing = 0;
		};
		589CB2712DE9F78D00CFD0B0 /* Frameworks */ = {
			isa = PBXFrameworksBuildPhase;
			buildActionMask = 2147483647;
			files = (
			);
			runOnlyForDeploymentPostprocessing = 0;
		};
/* End PBXFrameworksBuildPhase section */

/* Begin PBXGroup section */
		589CB2502DE9F78A00CFD0B0 = {
			isa = PBXGroup;
			children = (
				589CB25B2DE9F78B00CFD0B0 /* CadaEuro */,
				589CB26D2DE9F78D00CFD0B0 /* CadaEuroTests */,
				589CB2772DE9F78D00CFD0B0 /* CadaEuroUITests */,
				589CB2C52DEA135900CFD0B0 /* Frameworks */,
				589CB25A2DE9F78B00CFD0B0 /* Products */,
			);
			sourceTree = "<group>";
		};
		589CB25A2DE9F78B00CFD0B0 /* Products */ = {
			isa = PBXGroup;
			children = (
				589CB2592DE9F78B00CFD0B0 /* CadaEuro.app */,
				589CB26A2DE9F78D00CFD0B0 /* CadaEuroTests.xctest */,
				589CB2742DE9F78D00CFD0B0 /* CadaEuroUITests.xctest */,
			);
			name = Products;
			sourceTree = "<group>";
		};
		589CB2C52DEA135900CFD0B0 /* Frameworks */ = {
			isa = PBXGroup;
			children = (
			);
			name = Frameworks;
			sourceTree = "<group>";
		};
/* End PBXGroup section */

/* Begin PBXNativeTarget section */
		589CB2582DE9F78B00CFD0B0 /* CadaEuro */ = {
			isa = PBXNativeTarget;
			buildConfigurationList = 589CB27D2DE9F78D00CFD0B0 /* Build configuration list for PBXNativeTarget "CadaEuro" */;
			buildPhases = (
				589CB2552DE9F78B00CFD0B0 /* Sources */,
				589CB2562DE9F78B00CFD0B0 /* Frameworks */,
				589CB2572DE9F78B00CFD0B0 /* Resources */,
			);
			buildRules = (
			);
			dependencies = (
			);
			fileSystemSynchronizedGroups = (
				589CB25B2DE9F78B00CFD0B0 /* CadaEuro */,
			);
			name = CadaEuro;
			packageProductDependencies = (
				589CB2C62DEA135900CFD0B0 /* CadaEuroUI */,
			);
			productName = CadaEuro;
			productReference = 589CB2592DE9F78B00CFD0B0 /* CadaEuro.app */;
			productType = "com.apple.product-type.application";
		};
		589CB2692DE9F78D00CFD0B0 /* CadaEuroTests */ = {
			isa = PBXNativeTarget;
			buildConfigurationList = 589CB2822DE9F78D00CFD0B0 /* Build configuration list for PBXNativeTarget "CadaEuroTests" */;
			buildPhases = (
				589CB2662DE9F78D00CFD0B0 /* Sources */,
				589CB2672DE9F78D00CFD0B0 /* Frameworks */,
				589CB2682DE9F78D00CFD0B0 /* Resources */,
			);
			buildRules = (
			);
			dependencies = (
				589CB26C2DE9F78D00CFD0B0 /* PBXTargetDependency */,
			);
			fileSystemSynchronizedGroups = (
				589CB26D2DE9F78D00CFD0B0 /* CadaEuroTests */,
			);
			name = CadaEuroTests;
			packageProductDependencies = (
			);
			productName = CadaEuroTests;
			productReference = 589CB26A2DE9F78D00CFD0B0 /* CadaEuroTests.xctest */;
			productType = "com.apple.product-type.bundle.unit-test";
		};
		589CB2732DE9F78D00CFD0B0 /* CadaEuroUITests */ = {
			isa = PBXNativeTarget;
			buildConfigurationList = 589CB2852DE9F78D00CFD0B0 /* Build configuration list for PBXNativeTarget "CadaEuroUITests" */;
			buildPhases = (
				589CB2702DE9F78D00CFD0B0 /* Sources */,
				589CB2712DE9F78D00CFD0B0 /* Frameworks */,
				589CB2722DE9F78D00CFD0B0 /* Resources */,
			);
			buildRules = (
			);
			dependencies = (
				589CB2762DE9F78D00CFD0B0 /* PBXTargetDependency */,
			);
			fileSystemSynchronizedGroups = (
				589CB2772DE9F78D00CFD0B0 /* CadaEuroUITests */,
			);
			name = CadaEuroUITests;
			packageProductDependencies = (
			);
			productName = CadaEuroUITests;
			productReference = 589CB2742DE9F78D00CFD0B0 /* CadaEuroUITests.xctest */;
			productType = "com.apple.product-type.bundle.ui-testing";
		};
/* End PBXNativeTarget section */

/* Begin PBXProject section */
		589CB2512DE9F78A00CFD0B0 /* Project object */ = {
			isa = PBXProject;
			attributes = {
				BuildIndependentTargetsInParallel = 1;
				LastSwiftUpdateCheck = 1630;
				LastUpgradeCheck = 1630;
				TargetAttributes = {
					589CB2582DE9F78B00CFD0B0 = {
						CreatedOnToolsVersion = 16.3;
					};
					589CB2692DE9F78D00CFD0B0 = {
						CreatedOnToolsVersion = 16.3;
						TestTargetID = 589CB2582DE9F78B00CFD0B0;
					};
					589CB2732DE9F78D00CFD0B0 = {
						CreatedOnToolsVersion = 16.3;
						TestTargetID = 589CB2582DE9F78B00CFD0B0;
					};
				};
			};
			buildConfigurationList = 589CB2542DE9F78A00CFD0B0 /* Build configuration list for PBXProject "CadaEuro" */;
			developmentRegion = en;
			hasScannedForEncodings = 0;
			knownRegions = (
				en,
				Base,
			);
			mainGroup = 589CB2502DE9F78A00CFD0B0;
			minimizedProjectReferenceProxies = 1;
			packageReferences = (
				589CB2992DE9F80500CFD0B0 /* XCLocalSwiftPackageReference "Packages/CadaEuroUI" */,
				589CB29A2DE9F85A00CFD0B0 /* XCLocalSwiftPackageReference "Packages/CadaEuroSpeech" */,
				589CB29B2DE9F86700CFD0B0 /* XCLocalSwiftPackageReference "Packages/CadaEuroOCR" */,
				589CB29C2DE9F87400CFD0B0 /* XCLocalSwiftPackageReference "Packages/CadaEuroLLM" */,
				589CB29D2DE9F88000CFD0B0 /* XCLocalSwiftPackageReference "Packages/CadaEuroKit" */,
				589CB29E2DE9F88B00CFD0B0 /* XCLocalSwiftPackageReference "Packages/CadaEuroDomain" */,
				589CB29F2DE9F89900CFD0B0 /* XCLocalSwiftPackageReference "Packages/CadaEuroData" */,
			);
			preferredProjectObjectVersion = 77;
			productRefGroup = 589CB25A2DE9F78B00CFD0B0 /* Products */;
			projectDirPath = "";
			projectRoot = "";
			targets = (
				589CB2582DE9F78B00CFD0B0 /* CadaEuro */,
				589CB2692DE9F78D00CFD0B0 /* CadaEuroTests */,
				589CB2732DE9F78D00CFD0B0 /* CadaEuroUITests */,
			);
		};
/* End PBXProject section */

/* Begin PBXResourcesBuildPhase section */
		589CB2572DE9F78B00CFD0B0 /* Resources */ = {
			isa = PBXResourcesBuildPhase;
			buildActionMask = 2147483647;
			files = (
			);
			runOnlyForDeploymentPostprocessing = 0;
		};
		589CB2682DE9F78D00CFD0B0 /* Resources */ = {
			isa = PBXResourcesBuildPhase;
			buildActionMask = 2147483647;
			files = (
			);
			runOnlyForDeploymentPostprocessing = 0;
		};
		589CB2722DE9F78D00CFD0B0 /* Resources */ = {
			isa = PBXResourcesBuildPhase;
			buildActionMask = 2147483647;
			files = (
			);
			runOnlyForDeploymentPostprocessing = 0;
		};
/* End PBXResourcesBuildPhase section */

/* Begin PBXSourcesBuildPhase section */
		589CB2552DE9F78B00CFD0B0 /* Sources */ = {
			isa = PBXSourcesBuildPhase;
			buildActionMask = 2147483647;
			files = (
			);
			runOnlyForDeploymentPostprocessing = 0;
		};
		589CB2662DE9F78D00CFD0B0 /* Sources */ = {
			isa = PBXSourcesBuildPhase;
			buildActionMask = 2147483647;
			files = (
			);
			runOnlyForDeploymentPostprocessing = 0;
		};
		589CB2702DE9F78D00CFD0B0 /* Sources */ = {
			isa = PBXSourcesBuildPhase;
			buildActionMask = 2147483647;
			files = (
			);
			runOnlyForDeploymentPostprocessing = 0;
		};
/* End PBXSourcesBuildPhase section */

/* Begin PBXTargetDependency section */
		589CB26C2DE9F78D00CFD0B0 /* PBXTargetDependency */ = {
			isa = PBXTargetDependency;
			target = 589CB2582DE9F78B00CFD0B0 /* CadaEuro */;
			targetProxy = 589CB26B2DE9F78D00CFD0B0 /* PBXContainerItemProxy */;
		};
		589CB2762DE9F78D00CFD0B0 /* PBXTargetDependency */ = {
			isa = PBXTargetDependency;
			target = 589CB2582DE9F78B00CFD0B0 /* CadaEuro */;
			targetProxy = 589CB2752DE9F78D00CFD0B0 /* PBXContainerItemProxy */;
		};
/* End PBXTargetDependency section */

/* Begin XCBuildConfiguration section */
		589CB27E2DE9F78D00CFD0B0 /* Debug */ = {
			isa = XCBuildConfiguration;
			buildSettings = {
				ASSETCATALOG_COMPILER_APPICON_NAME = AppIcon;
				ASSETCATALOG_COMPILER_GLOBAL_ACCENT_COLOR_NAME = AccentColor;
				CODE_SIGN_ENTITLEMENTS = CadaEuro/CadaEuro.entitlements;
				CODE_SIGN_STYLE = Automatic;
				CURRENT_PROJECT_VERSION = 1;
				DEVELOPMENT_TEAM = TTA752YHFF;
				ENABLE_PREVIEWS = YES;
				GENERATE_INFOPLIST_FILE = YES;
				INFOPLIST_FILE = CadaEuro/Info.plist;
				INFOPLIST_KEY_UIApplicationSceneManifest_Generation = YES;
				INFOPLIST_KEY_UIApplicationSupportsIndirectInputEvents = YES;
				INFOPLIST_KEY_UILaunchScreen_Generation = YES;
				INFOPLIST_KEY_UISupportedInterfaceOrientations_iPad = "UIInterfaceOrientationPortrait UIInterfaceOrientationPortraitUpsideDown UIInterfaceOrientationLandscapeLeft UIInterfaceOrientationLandscapeRight";
				INFOPLIST_KEY_UISupportedInterfaceOrientations_iPhone = "UIInterfaceOrientationPortrait UIInterfaceOrientationLandscapeLeft UIInterfaceOrientationLandscapeRight";
				LD_RUNPATH_SEARCH_PATHS = (
					"$(inherited)",
					"@executable_path/Frameworks",
				);
				MARKETING_VERSION = 1.0;
				PRODUCT_BUNDLE_IDENTIFIER = com.neyc.CadaEuro;
				PRODUCT_NAME = "$(TARGET_NAME)";
				SWIFT_EMIT_LOC_STRINGS = YES;
				SWIFT_VERSION = 5.0;
				TARGETED_DEVICE_FAMILY = "1,2";
			};
			name = Debug;
		};
		589CB27F2DE9F78D00CFD0B0 /* Release */ = {
			isa = XCBuildConfiguration;
			buildSettings = {
				ASSETCATALOG_COMPILER_APPICON_NAME = AppIcon;
				ASSETCATALOG_COMPILER_GLOBAL_ACCENT_COLOR_NAME = AccentColor;
				CODE_SIGN_ENTITLEMENTS = CadaEuro/CadaEuro.entitlements;
				CODE_SIGN_STYLE = Automatic;
				CURRENT_PROJECT_VERSION = 1;
				DEVELOPMENT_TEAM = TTA752YHFF;
				ENABLE_PREVIEWS = YES;
				GENERATE_INFOPLIST_FILE = YES;
				INFOPLIST_FILE = CadaEuro/Info.plist;
				INFOPLIST_KEY_UIApplicationSceneManifest_Generation = YES;
				INFOPLIST_KEY_UIApplicationSupportsIndirectInputEvents = YES;
				INFOPLIST_KEY_UILaunchScreen_Generation = YES;
				INFOPLIST_KEY_UISupportedInterfaceOrientations_iPad = "UIInterfaceOrientationPortrait UIInterfaceOrientationPortraitUpsideDown UIInterfaceOrientationLandscapeLeft UIInterfaceOrientationLandscapeRight";
				INFOPLIST_KEY_UISupportedInterfaceOrientations_iPhone = "UIInterfaceOrientationPortrait UIInterfaceOrientationLandscapeLeft UIInterfaceOrientationLandscapeRight";
				LD_RUNPATH_SEARCH_PATHS = (
					"$(inherited)",
					"@executable_path/Frameworks",
				);
				MARKETING_VERSION = 1.0;
				PRODUCT_BUNDLE_IDENTIFIER = com.neyc.CadaEuro;
				PRODUCT_NAME = "$(TARGET_NAME)";
				SWIFT_EMIT_LOC_STRINGS = YES;
				SWIFT_VERSION = 5.0;
				TARGETED_DEVICE_FAMILY = "1,2";
			};
			name = Release;
		};
		589CB2802DE9F78D00CFD0B0 /* Debug */ = {
			isa = XCBuildConfiguration;
			buildSettings = {
				ALWAYS_SEARCH_USER_PATHS = NO;
				ASSETCATALOG_COMPILER_GENERATE_SWIFT_ASSET_SYMBOL_EXTENSIONS = YES;
				CLANG_ANALYZER_NONNULL = YES;
				CLANG_ANALYZER_NUMBER_OBJECT_CONVERSION = YES_AGGRESSIVE;
				CLANG_CXX_LANGUAGE_STANDARD = "gnu++20";
				CLANG_ENABLE_MODULES = YES;
				CLANG_ENABLE_OBJC_ARC = YES;
				CLANG_ENABLE_OBJC_WEAK = YES;
				CLANG_WARN_BLOCK_CAPTURE_AUTORELEASING = YES;
				CLANG_WARN_BOOL_CONVERSION = YES;
				CLANG_WARN_COMMA = YES;
				CLANG_WARN_CONSTANT_CONVERSION = YES;
				CLANG_WARN_DEPRECATED_OBJC_IMPLEMENTATIONS = YES;
				CLANG_WARN_DIRECT_OBJC_ISA_USAGE = YES_ERROR;
				CLANG_WARN_DOCUMENTATION_COMMENTS = YES;
				CLANG_WARN_EMPTY_BODY = YES;
				CLANG_WARN_ENUM_CONVERSION = YES;
				CLANG_WARN_INFINITE_RECURSION = YES;
				CLANG_WARN_INT_CONVERSION = YES;
				CLANG_WARN_NON_LITERAL_NULL_CONVERSION = YES;
				CLANG_WARN_OBJC_IMPLICIT_RETAIN_SELF = YES;
				CLANG_WARN_OBJC_LITERAL_CONVERSION = YES;
				CLANG_WARN_OBJC_ROOT_CLASS = YES_ERROR;
				CLANG_WARN_QUOTED_INCLUDE_IN_FRAMEWORK_HEADER = YES;
				CLANG_WARN_RANGE_LOOP_ANALYSIS = YES;
				CLANG_WARN_STRICT_PROTOTYPES = YES;
				CLANG_WARN_SUSPICIOUS_MOVE = YES;
				CLANG_WARN_UNGUARDED_AVAILABILITY = YES_AGGRESSIVE;
				CLANG_WARN_UNREACHABLE_CODE = YES;
				CLANG_WARN__DUPLICATE_METHOD_MATCH = YES;
				COPY_PHASE_STRIP = NO;
				DEBUG_INFORMATION_FORMAT = dwarf;
				DEVELOPMENT_TEAM = TTA752YHFF;
				ENABLE_STRICT_OBJC_MSGSEND = YES;
				ENABLE_TESTABILITY = YES;
				ENABLE_USER_SCRIPT_SANDBOXING = YES;
				GCC_C_LANGUAGE_STANDARD = gnu17;
				GCC_DYNAMIC_NO_PIC = NO;
				GCC_NO_COMMON_BLOCKS = YES;
				GCC_OPTIMIZATION_LEVEL = 0;
				GCC_PREPROCESSOR_DEFINITIONS = (
					"DEBUG=1",
					"$(inherited)",
				);
				GCC_WARN_64_TO_32_BIT_CONVERSION = YES;
				GCC_WARN_ABOUT_RETURN_TYPE = YES_ERROR;
				GCC_WARN_UNDECLARED_SELECTOR = YES;
				GCC_WARN_UNINITIALIZED_AUTOS = YES_AGGRESSIVE;
				GCC_WARN_UNUSED_FUNCTION = YES;
				GCC_WARN_UNUSED_VARIABLE = YES;
				IPHONEOS_DEPLOYMENT_TARGET = 18.4;
				LOCALIZATION_PREFERS_STRING_CATALOGS = YES;
				MTL_ENABLE_DEBUG_INFO = INCLUDE_SOURCE;
				MTL_FAST_MATH = YES;
				ONLY_ACTIVE_ARCH = YES;
				SDKROOT = iphoneos;
				SWIFT_ACTIVE_COMPILATION_CONDITIONS = "DEBUG $(inherited)";
				SWIFT_OPTIMIZATION_LEVEL = "-Onone";
			};
			name = Debug;
		};
		589CB2812DE9F78D00CFD0B0 /* Release */ = {
			isa = XCBuildConfiguration;
			buildSettings = {
				ALWAYS_SEARCH_USER_PATHS = NO;
				ASSETCATALOG_COMPILER_GENERATE_SWIFT_ASSET_SYMBOL_EXTENSIONS = YES;
				CLANG_ANALYZER_NONNULL = YES;
				CLANG_ANALYZER_NUMBER_OBJECT_CONVERSION = YES_AGGRESSIVE;
				CLANG_CXX_LANGUAGE_STANDARD = "gnu++20";
				CLANG_ENABLE_MODULES = YES;
				CLANG_ENABLE_OBJC_ARC = YES;
				CLANG_ENABLE_OBJC_WEAK = YES;
				CLANG_WARN_BLOCK_CAPTURE_AUTORELEASING = YES;
				CLANG_WARN_BOOL_CONVERSION = YES;
				CLANG_WARN_COMMA = YES;
				CLANG_WARN_CONSTANT_CONVERSION = YES;
				CLANG_WARN_DEPRECATED_OBJC_IMPLEMENTATIONS = YES;
				CLANG_WARN_DIRECT_OBJC_ISA_USAGE = YES_ERROR;
				CLANG_WARN_DOCUMENTATION_COMMENTS = YES;
				CLANG_WARN_EMPTY_BODY = YES;
				CLANG_WARN_ENUM_CONVERSION = YES;
				CLANG_WARN_INFINITE_RECURSION = YES;
				CLANG_WARN_INT_CONVERSION = YES;
				CLANG_WARN_NON_LITERAL_NULL_CONVERSION = YES;
				CLANG_WARN_OBJC_IMPLICIT_RETAIN_SELF = YES;
				CLANG_WARN_OBJC_LITERAL_CONVERSION = YES;
				CLANG_WARN_OBJC_ROOT_CLASS = YES_ERROR;
				CLANG_WARN_QUOTED_INCLUDE_IN_FRAMEWORK_HEADER = YES;
				CLANG_WARN_RANGE_LOOP_ANALYSIS = YES;
				CLANG_WARN_STRICT_PROTOTYPES = YES;
				CLANG_WARN_SUSPICIOUS_MOVE = YES;
				CLANG_WARN_UNGUARDED_AVAILABILITY = YES_AGGRESSIVE;
				CLANG_WARN_UNREACHABLE_CODE = YES;
				CLANG_WARN__DUPLICATE_METHOD_MATCH = YES;
				COPY_PHASE_STRIP = NO;
				DEBUG_INFORMATION_FORMAT = "dwarf-with-dsym";
				DEVELOPMENT_TEAM = TTA752YHFF;
				ENABLE_NS_ASSERTIONS = NO;
				ENABLE_STRICT_OBJC_MSGSEND = YES;
				ENABLE_USER_SCRIPT_SANDBOXING = YES;
				GCC_C_LANGUAGE_STANDARD = gnu17;
				GCC_NO_COMMON_BLOCKS = YES;
				GCC_WARN_64_TO_32_BIT_CONVERSION = YES;
				GCC_WARN_ABOUT_RETURN_TYPE = YES_ERROR;
				GCC_WARN_UNDECLARED_SELECTOR = YES;
				GCC_WARN_UNINITIALIZED_AUTOS = YES_AGGRESSIVE;
				GCC_WARN_UNUSED_FUNCTION = YES;
				GCC_WARN_UNUSED_VARIABLE = YES;
				IPHONEOS_DEPLOYMENT_TARGET = 18.4;
				LOCALIZATION_PREFERS_STRING_CATALOGS = YES;
				MTL_ENABLE_DEBUG_INFO = NO;
				MTL_FAST_MATH = YES;
				SDKROOT = iphoneos;
				SWIFT_COMPILATION_MODE = wholemodule;
				VALIDATE_PRODUCT = YES;
			};
			name = Release;
		};
		589CB2832DE9F78D00CFD0B0 /* Debug */ = {
			isa = XCBuildConfiguration;
			buildSettings = {
				BUNDLE_LOADER = "$(TEST_HOST)";
				CODE_SIGN_STYLE = Automatic;
				CURRENT_PROJECT_VERSION = 1;
				DEVELOPMENT_TEAM = TTA752YHFF;
				GENERATE_INFOPLIST_FILE = YES;
				IPHONEOS_DEPLOYMENT_TARGET = 18.4;
				MARKETING_VERSION = 1.0;
				PRODUCT_BUNDLE_IDENTIFIER = com.neyc.CadaEuroTests;
				PRODUCT_NAME = "$(TARGET_NAME)";
				SWIFT_EMIT_LOC_STRINGS = NO;
				SWIFT_VERSION = 5.0;
				TARGETED_DEVICE_FAMILY = "1,2";
				TEST_HOST = "$(BUILT_PRODUCTS_DIR)/CadaEuro.app/$(BUNDLE_EXECUTABLE_FOLDER_PATH)/CadaEuro";
			};
			name = Debug;
		};
		589CB2842DE9F78D00CFD0B0 /* Release */ = {
			isa = XCBuildConfiguration;
			buildSettings = {
				BUNDLE_LOADER = "$(TEST_HOST)";
				CODE_SIGN_STYLE = Automatic;
				CURRENT_PROJECT_VERSION = 1;
				DEVELOPMENT_TEAM = TTA752YHFF;
				GENERATE_INFOPLIST_FILE = YES;
				IPHONEOS_DEPLOYMENT_TARGET = 18.4;
				MARKETING_VERSION = 1.0;
				PRODUCT_BUNDLE_IDENTIFIER = com.neyc.CadaEuroTests;
				PRODUCT_NAME = "$(TARGET_NAME)";
				SWIFT_EMIT_LOC_STRINGS = NO;
				SWIFT_VERSION = 5.0;
				TARGETED_DEVICE_FAMILY = "1,2";
				TEST_HOST = "$(BUILT_PRODUCTS_DIR)/CadaEuro.app/$(BUNDLE_EXECUTABLE_FOLDER_PATH)/CadaEuro";
			};
			name = Release;
		};
		589CB2862DE9F78D00CFD0B0 /* Debug */ = {
			isa = XCBuildConfiguration;
			buildSettings = {
				CODE_SIGN_STYLE = Automatic;
				CURRENT_PROJECT_VERSION = 1;
				DEVELOPMENT_TEAM = TTA752YHFF;
				GENERATE_INFOPLIST_FILE = YES;
				MARKETING_VERSION = 1.0;
				PRODUCT_BUNDLE_IDENTIFIER = com.neyc.CadaEuroUITests;
				PRODUCT_NAME = "$(TARGET_NAME)";
				SWIFT_EMIT_LOC_STRINGS = NO;
				SWIFT_VERSION = 5.0;
				TARGETED_DEVICE_FAMILY = "1,2";
				TEST_TARGET_NAME = CadaEuro;
			};
			name = Debug;
		};
		589CB2872DE9F78D00CFD0B0 /* Release */ = {
			isa = XCBuildConfiguration;
			buildSettings = {
				CODE_SIGN_STYLE = Automatic;
				CURRENT_PROJECT_VERSION = 1;
				DEVELOPMENT_TEAM = TTA752YHFF;
				GENERATE_INFOPLIST_FILE = YES;
				MARKETING_VERSION = 1.0;
				PRODUCT_BUNDLE_IDENTIFIER = com.neyc.CadaEuroUITests;
				PRODUCT_NAME = "$(TARGET_NAME)";
				SWIFT_EMIT_LOC_STRINGS = NO;
				SWIFT_VERSION = 5.0;
				TARGETED_DEVICE_FAMILY = "1,2";
				TEST_TARGET_NAME = CadaEuro;
			};
			name = Release;
		};
/* End XCBuildConfiguration section */

/* Begin XCConfigurationList section */
		589CB2542DE9F78A00CFD0B0 /* Build configuration list for PBXProject "CadaEuro" */ = {
			isa = XCConfigurationList;
			buildConfigurations = (
				589CB2802DE9F78D00CFD0B0 /* Debug */,
				589CB2812DE9F78D00CFD0B0 /* Release */,
			);
			defaultConfigurationIsVisible = 0;
			defaultConfigurationName = Release;
		};
		589CB27D2DE9F78D00CFD0B0 /* Build configuration list for PBXNativeTarget "CadaEuro" */ = {
			isa = XCConfigurationList;
			buildConfigurations = (
				589CB27E2DE9F78D00CFD0B0 /* Debug */,
				589CB27F2DE9F78D00CFD0B0 /* Release */,
			);
			defaultConfigurationIsVisible = 0;
			defaultConfigurationName = Release;
		};
		589CB2822DE9F78D00CFD0B0 /* Build configuration list for PBXNativeTarget "CadaEuroTests" */ = {
			isa = XCConfigurationList;
			buildConfigurations = (
				589CB2832DE9F78D00CFD0B0 /* Debug */,
				589CB2842DE9F78D00CFD0B0 /* Release */,
			);
			defaultConfigurationIsVisible = 0;
			defaultConfigurationName = Release;
		};
		589CB2852DE9F78D00CFD0B0 /* Build configuration list for PBXNativeTarget "CadaEuroUITests" */ = {
			isa = XCConfigurationList;
			buildConfigurations = (
				589CB2862DE9F78D00CFD0B0 /* Debug */,
				589CB2872DE9F78D00CFD0B0 /* Release */,
			);
			defaultConfigurationIsVisible = 0;
			defaultConfigurationName = Release;
		};
/* End XCConfigurationList section */

/* Begin XCLocalSwiftPackageReference section */
		589CB2992DE9F80500CFD0B0 /* XCLocalSwiftPackageReference "Packages/CadaEuroUI" */ = {
			isa = XCLocalSwiftPackageReference;
			relativePath = Packages/CadaEuroUI;
		};
		589CB29A2DE9F85A00CFD0B0 /* XCLocalSwiftPackageReference "Packages/CadaEuroSpeech" */ = {
			isa = XCLocalSwiftPackageReference;
			relativePath = Packages/CadaEuroSpeech;
		};
		589CB29B2DE9F86700CFD0B0 /* XCLocalSwiftPackageReference "Packages/CadaEuroOCR" */ = {
			isa = XCLocalSwiftPackageReference;
			relativePath = Packages/CadaEuroOCR;
		};
		589CB29C2DE9F87400CFD0B0 /* XCLocalSwiftPackageReference "Packages/CadaEuroLLM" */ = {
			isa = XCLocalSwiftPackageReference;
			relativePath = Packages/CadaEuroLLM;
		};
		589CB29D2DE9F88000CFD0B0 /* XCLocalSwiftPackageReference "Packages/CadaEuroKit" */ = {
			isa = XCLocalSwiftPackageReference;
			relativePath = Packages/CadaEuroKit;
		};
		589CB29E2DE9F88B00CFD0B0 /* XCLocalSwiftPackageReference "Packages/CadaEuroDomain" */ = {
			isa = XCLocalSwiftPackageReference;
			relativePath = Packages/CadaEuroDomain;
		};
		589CB29F2DE9F89900CFD0B0 /* XCLocalSwiftPackageReference "Packages/CadaEuroData" */ = {
			isa = XCLocalSwiftPackageReference;
			relativePath = Packages/CadaEuroData;
		};
/* End XCLocalSwiftPackageReference section */

/* Begin XCSwiftPackageProductDependency section */
		589CB2C62DEA135900CFD0B0 /* CadaEuroUI */ = {
			isa = XCSwiftPackageProductDependency;
			package = 589CB2992DE9F80500CFD0B0 /* XCLocalSwiftPackageReference "Packages/CadaEuroUI" */;
			productName = CadaEuroUI;
		};
/* End XCSwiftPackageProductDependency section */
	};
	rootObject = 589CB2512DE9F78A00CFD0B0 /* Project object */;
}
